PODS:
  - Alamofire (4.7.1)
  - RxBluetoothKit (5.0.0):
    - RxSwift (~> 4.0)
  - RxSwift (4.1.2)
  - SwiftySound (1.0.0)
  - SwiftyTimer (2.0.0)

DEPENDENCIES:
  - Alamofire
  - RxBluetoothKit
  - SwiftySound
  - SwiftyTimer

SPEC CHECKSUMS:
  Alamofire: 68d7d521118d49c615a8d2214d87cdf525599d30
  RxBluetoothKit: 29fe5032554aac71c9eeec1f249f4f44205cf988
  RxSwift: e49536837d9901277638493ea537394d4b55f570
  SwiftySound: b9c3370956fd4ed65ed79d45563070077a50a2cd
  SwiftyTimer: 2efd74b060d69ad4f1496baf5bbedbe132125fcf

PODFILE CHECKSUM: bf0cb6427054672171d5a89dc61947acad3eaec2

COCOAPODS: 1.4.0
